
Microsoft Visual Studio Solution File, Format Version 12.00
# Visual Studio Version 17
VisualStudioVersion = 17.4.33213.308
MinimumVisualStudioVersion = 10.0.40219.1
Project("{9A19103F-16F7-4668-BE54-9A1E7A4F7556}") = "VOD.Admin.UI", "VOD.Admin.UI\VOD.Admin.UI.csproj", "{A27D96FB-186E-4920-95D6-CC0FDFFC2CBA}"
EndProject
Project("{9A19103F-16F7-4668-BE54-9A1E7A4F7556}") = "VOD.Common", "VOD.Common\VOD.Common.csproj", "{C5595AC5-6005-4A3F-AC33-48208F40C8EF}"
EndProject
Project("{9A19103F-16F7-4668-BE54-9A1E7A4F7556}") = "VOD.Database", "VOD.Membership.Database\VOD.Database.csproj", "{0FC91CA6-F870-42A6-BB58-2FD3490537E7}"
EndProject
Project("{9A19103F-16F7-4668-BE54-9A1E7A4F7556}") = "VOD.API", "VOD.API\VOD.API.csproj", "{44414B7E-F580-45D1-9867-D39061A2F175}"
EndProject
Project("{9A19103F-16F7-4668-BE54-9A1E7A4F7556}") = "VOD.Membership.UI", "VOD.Membership.UI\VOD.Membership.UI.csproj", "{47F8E0EC-E8EA-4BFA-A136-C5C84DB612DF}"
EndProject
Global
	GlobalSection(SolutionConfigurationPlatforms) = preSolution
		Debug|Any CPU = Debug|Any CPU
		Release|Any CPU = Release|Any CPU
	EndGlobalSection
	GlobalSection(ProjectConfigurationPlatforms) = postSolution
		{A27D96FB-186E-4920-95D6-CC0FDFFC2CBA}.Debug|Any CPU.ActiveCfg = Debug|Any CPU
		{A27D96FB-186E-4920-95D6-CC0FDFFC2CBA}.Debug|Any CPU.Build.0 = Debug|Any CPU
		{A27D96FB-186E-4920-95D6-CC0FDFFC2CBA}.Release|Any CPU.ActiveCfg = Release|Any CPU
		{A27D96FB-186E-4920-95D6-CC0FDFFC2CBA}.Release|Any CPU.Build.0 = Release|Any CPU
		{C5595AC5-6005-4A3F-AC33-48208F40C8EF}.Debug|Any CPU.ActiveCfg = Debug|Any CPU
		{C5595AC5-6005-4A3F-AC33-48208F40C8EF}.Debug|Any CPU.Build.0 = Debug|Any CPU
		{C5595AC5-6005-4A3F-AC33-48208F40C8EF}.Release|Any CPU.ActiveCfg = Release|Any CPU
		{C5595AC5-6005-4A3F-AC33-48208F40C8EF}.Release|Any CPU.Build.0 = Release|Any CPU
		{0FC91CA6-F870-42A6-BB58-2FD3490537E7}.Debug|Any CPU.ActiveCfg = Debug|Any CPU
		{0FC91CA6-F870-42A6-BB58-2FD3490537E7}.Debug|Any CPU.Build.0 = Debug|Any CPU
		{0FC91CA6-F870-42A6-BB58-2FD3490537E7}.Release|Any CPU.ActiveCfg = Release|Any CPU
		{0FC91CA6-F870-42A6-BB58-2FD3490537E7}.Release|Any CPU.Build.0 = Release|Any CPU
		{44414B7E-F580-45D1-9867-D39061A2F175}.Debug|Any CPU.ActiveCfg = Debug|Any CPU
		{44414B7E-F580-45D1-9867-D39061A2F175}.Debug|Any CPU.Build.0 = Debug|Any CPU
		{44414B7E-F580-45D1-9867-D39061A2F175}.Release|Any CPU.ActiveCfg = Release|Any CPU
		{44414B7E-F580-45D1-9867-D39061A2F175}.Release|Any CPU.Build.0 = Release|Any CPU
		{47F8E0EC-E8EA-4BFA-A136-C5C84DB612DF}.Debug|Any CPU.ActiveCfg = Debug|Any CPU
		{47F8E0EC-E8EA-4BFA-A136-C5C84DB612DF}.Debug|Any CPU.Build.0 = Debug|Any CPU
		{47F8E0EC-E8EA-4BFA-A136-C5C84DB612DF}.Release|Any CPU.ActiveCfg = Release|Any CPU
		{47F8E0EC-E8EA-4BFA-A136-C5C84DB612DF}.Release|Any CPU.Build.0 = Release|Any CPU
	EndGlobalSection
	GlobalSection(SolutionProperties) = preSolution
		HideSolutionNode = FALSE
	EndGlobalSection
	GlobalSection(ExtensibilityGlobals) = postSolution
		SolutionGuid = {EA6A2112-90CE-476E-9E54-DCCF59C3C878}
	EndGlobalSection
EndGlobal
